{
    "name": "advent-of-code-2023",
    "version": "1.0.0",
    "lockfileVersion": 2,
    "requires": true,
    "packages": {
        "": {
            "name": "advent-of-code-2023",
            "version": "1.0.0",
            "license": "ISC",
            "dependencies": {
                "@types/node": "^18.11.10",
                "tsc": "^2.0.4",
                "TypeScript": "npm:typescript@^4.9.5"
            },
            "devDependencies": {
                "typescript": "^4.9.4"
            }
        },
        "node_modules/@types/node": {
            "version": "18.11.10",
            "resolved": "https://registry.npmjs.org/@types/node/-/node-18.11.10.tgz",
            "integrity": "sha512-juG3RWMBOqcOuXC643OAdSA525V44cVgGV6dUDuiFtss+8Fk5x1hI93Rsld43VeJVIeqlP9I7Fn9/qaVqoEAuQ=="
        },
        "node_modules/tsc": {
            "version": "2.0.4",
            "resolved": "https://registry.npmjs.org/tsc/-/tsc-2.0.4.tgz",
            "integrity": "sha512-fzoSieZI5KKJVBYGvwbVZs/J5za84f2lSTLPYf6AGiIf43tZ3GNrI1QzTLcjtyDDP4aLxd46RTZq1nQxe7+k5Q==",
            "bin": {
                "tsc": "bin/tsc"
            }
        },
        "node_modules/typescript": {
            "version": "4.9.5",
            "resolved": "https://registry.npmjs.org/typescript/-/typescript-4.9.5.tgz",
            "integrity": "sha512-1FXk9E2Hm+QzZQ7z+McJiHL4NW1F2EzMu9Nq9i3zAaGqibafqYwCVU6WyWAuyQRRzOlxou8xZSyXLEN8oKj24g==",
            "dev": true,
            "bin": {
                "tsc": "bin/tsc",
                "tsserver": "bin/tsserver"
            },
            "engines": {
                "node": ">=4.2.0"
            }
        }
    },
    "dependencies": {
        "@types/node": {
            "version": "18.11.10",
            "resolved": "https://registry.npmjs.org/@types/node/-/node-18.11.10.tgz",
            "integrity": "sha512-juG3RWMBOqcOuXC643OAdSA525V44cVgGV6dUDuiFtss+8Fk5x1hI93Rsld43VeJVIeqlP9I7Fn9/qaVqoEAuQ=="
        },
        "tsc": {
            "version": "2.0.4",
            "resolved": "https://registry.npmjs.org/tsc/-/tsc-2.0.4.tgz",
            "integrity": "sha512-fzoSieZI5KKJVBYGvwbVZs/J5za84f2lSTLPYf6AGiIf43tZ3GNrI1QzTLcjtyDDP4aLxd46RTZq1nQxe7+k5Q=="
        },
        "typescript": {
            "version": "4.9.5",
            "resolved": "https://registry.npmjs.org/typescript/-/typescript-4.9.5.tgz",
            "integrity": "sha512-1FXk9E2Hm+QzZQ7z+McJiHL4NW1F2EzMu9Nq9i3zAaGqibafqYwCVU6WyWAuyQRRzOlxou8xZSyXLEN8oKj24g==",
            "dev": true
        }
    }
}
